
Microsoft Visual Studio Solution File, Format Version 12.00
# Visual Studio Version 17
VisualStudioVersion = 17.9.34701.34
MinimumVisualStudioVersion = 10.0.40219.1
Project("{FAE04EC0-301F-11D3-BF4B-00C04F79EFBC}") = "HW5_16.09", "HW5_16.09.csproj", "{E8245CB7-0EB2-4B8A-928F-25B832DB4FC7}"
EndProject
Project("{FAE04EC0-301F-11D3-BF4B-00C04F79EFBC}") = "HW5_16.09.Domain", "..\HW5_16.09.Domain\HW5_16.09.Domain.csproj", "{5182ADEA-E300-474C-84AF-2FCF5F123FF8}"
EndProject
Global
	GlobalSection(SolutionConfigurationPlatforms) = preSolution
		Debug|Any CPU = Debug|Any CPU
		Release|Any CPU = Release|Any CPU
	EndGlobalSection
	GlobalSection(ProjectConfigurationPlatforms) = postSolution
		{E8245CB7-0EB2-4B8A-928F-25B832DB4FC7}.Debug|Any CPU.ActiveCfg = Debug|Any CPU
		{E8245CB7-0EB2-4B8A-928F-25B832DB4FC7}.Debug|Any CPU.Build.0 = Debug|Any CPU
		{E8245CB7-0EB2-4B8A-928F-25B832DB4FC7}.Release|Any CPU.ActiveCfg = Release|Any CPU
		{E8245CB7-0EB2-4B8A-928F-25B832DB4FC7}.Release|Any CPU.Build.0 = Release|Any CPU
		{5182ADEA-E300-474C-84AF-2FCF5F123FF8}.Debug|Any CPU.ActiveCfg = Debug|Any CPU
		{5182ADEA-E300-474C-84AF-2FCF5F123FF8}.Debug|Any CPU.Build.0 = Debug|Any CPU
		{5182ADEA-E300-474C-84AF-2FCF5F123FF8}.Release|Any CPU.ActiveCfg = Release|Any CPU
		{5182ADEA-E300-474C-84AF-2FCF5F123FF8}.Release|Any CPU.Build.0 = Release|Any CPU
	EndGlobalSection
	GlobalSection(SolutionProperties) = preSolution
		HideSolutionNode = FALSE
	EndGlobalSection
	GlobalSection(ExtensibilityGlobals) = postSolution
		SolutionGuid = {A63ABA38-D95F-4C9C-BD07-61D3DD88D5BC}
	EndGlobalSection
EndGlobal
